
Microsoft Visual Studio Solution File, Format Version 12.00
# Visual Studio Version 17
VisualStudioVersion = 17.9.34526.213
MinimumVisualStudioVersion = 10.0.40219.1
Project("{FAE04EC0-301F-11D3-BF4B-00C04F79EFBC}") = "SpecFlowProject", "SpecFlowProject\SpecFlowProject.csproj", "{828557A5-54BC-4247-82A5-3BD4CB352300}"
EndProject
Global
	GlobalSection(SolutionConfigurationPlatforms) = preSolution
		Debug|Any CPU = Debug|Any CPU
		Release|Any CPU = Release|Any CPU
	EndGlobalSection
	GlobalSection(ProjectConfigurationPlatforms) = postSolution
		{828557A5-54BC-4247-82A5-3BD4CB352300}.Debug|Any CPU.ActiveCfg = Debug|Any CPU
		{828557A5-54BC-4247-82A5-3BD4CB352300}.Debug|Any CPU.Build.0 = Debug|Any CPU
		{828557A5-54BC-4247-82A5-3BD4CB352300}.Release|Any CPU.ActiveCfg = Release|Any CPU
		{828557A5-54BC-4247-82A5-3BD4CB352300}.Release|Any CPU.Build.0 = Release|Any CPU
	EndGlobalSection
	GlobalSection(SolutionProperties) = preSolution
		HideSolutionNode = FALSE
	EndGlobalSection
	GlobalSection(ExtensibilityGlobals) = postSolution
		SolutionGuid = {0F486CB9-E4DE-49AE-B56E-9122069F44DA}
	EndGlobalSection
EndGlobal
